
Microsoft Visual Studio Solution File, Format Version 12.00
# Visual Studio 15
VisualStudioVersion = 15.0.26430.15
MinimumVisualStudioVersion = 10.0.40219.1
Project("{FAE04EC0-301F-11D3-BF4B-00C04F79EFBC}") = "Carassistant", "Carassistant\Carassistant.csproj", "{CAA83DF6-223A-403F-A202-C3CD498E0B03}"
EndProject
Project("{FAE04EC0-301F-11D3-BF4B-00C04F79EFBC}") = "oilLibrary", "..\oilLibrary\oilLibrary\oilLibrary.csproj", "{F9263292-B05E-4383-954C-89BCA07739F6}"
EndProject
Global
	GlobalSection(SolutionConfigurationPlatforms) = preSolution
		Debug|Any CPU = Debug|Any CPU
		Release|Any CPU = Release|Any CPU
	EndGlobalSection
	GlobalSection(ProjectConfigurationPlatforms) = postSolution
		{CAA83DF6-223A-403F-A202-C3CD498E0B03}.Debug|Any CPU.ActiveCfg = Debug|Any CPU
		{CAA83DF6-223A-403F-A202-C3CD498E0B03}.Debug|Any CPU.Build.0 = Debug|Any CPU
		{CAA83DF6-223A-403F-A202-C3CD498E0B03}.Release|Any CPU.ActiveCfg = Release|Any CPU
		{CAA83DF6-223A-403F-A202-C3CD498E0B03}.Release|Any CPU.Build.0 = Release|Any CPU
		{F9263292-B05E-4383-954C-89BCA07739F6}.Debug|Any CPU.ActiveCfg = Debug|Any CPU
		{F9263292-B05E-4383-954C-89BCA07739F6}.Debug|Any CPU.Build.0 = Debug|Any CPU
		{F9263292-B05E-4383-954C-89BCA07739F6}.Release|Any CPU.ActiveCfg = Release|Any CPU
		{F9263292-B05E-4383-954C-89BCA07739F6}.Release|Any CPU.Build.0 = Release|Any CPU
	EndGlobalSection
	GlobalSection(SolutionProperties) = preSolution
		HideSolutionNode = FALSE
	EndGlobalSection
EndGlobal
