
Microsoft Visual Studio Solution File, Format Version 12.00
# Visual Studio 15
VisualStudioVersion = 15.0.26430.15
MinimumVisualStudioVersion = 10.0.40219.1
Project("{FAE04EC0-301F-11D3-BF4B-00C04F79EFBC}") = "CS283-Homework1", "CS283-Homework1\CS283-Homework1.csproj", "{540F8C2A-AAB9-4371-8F30-3BDDCA0E1577}"
EndProject
Project("{FAE04EC0-301F-11D3-BF4B-00C04F79EFBC}") = "PokemonLibrary", "..\PokemonLibrary\PokemonLibrary\PokemonLibrary.csproj", "{731E1959-E317-48DB-81E2-5CDE4A0753F1}"
EndProject
Global
	GlobalSection(SolutionConfigurationPlatforms) = preSolution
		Debug|Any CPU = Debug|Any CPU
		Release|Any CPU = Release|Any CPU
	EndGlobalSection
	GlobalSection(ProjectConfigurationPlatforms) = postSolution
		{540F8C2A-AAB9-4371-8F30-3BDDCA0E1577}.Debug|Any CPU.ActiveCfg = Debug|Any CPU
		{540F8C2A-AAB9-4371-8F30-3BDDCA0E1577}.Debug|Any CPU.Build.0 = Debug|Any CPU
		{540F8C2A-AAB9-4371-8F30-3BDDCA0E1577}.Release|Any CPU.ActiveCfg = Release|Any CPU
		{540F8C2A-AAB9-4371-8F30-3BDDCA0E1577}.Release|Any CPU.Build.0 = Release|Any CPU
		{731E1959-E317-48DB-81E2-5CDE4A0753F1}.Debug|Any CPU.ActiveCfg = Debug|Any CPU
		{731E1959-E317-48DB-81E2-5CDE4A0753F1}.Debug|Any CPU.Build.0 = Debug|Any CPU
		{731E1959-E317-48DB-81E2-5CDE4A0753F1}.Release|Any CPU.ActiveCfg = Release|Any CPU
		{731E1959-E317-48DB-81E2-5CDE4A0753F1}.Release|Any CPU.Build.0 = Release|Any CPU
	EndGlobalSection
	GlobalSection(SolutionProperties) = preSolution
		HideSolutionNode = FALSE
	EndGlobalSection
EndGlobal
